
Microsoft Visual Studio Solution File, Format Version 12.00
# Visual Studio Version 16
VisualStudioVersion = 16.0.30804.86
MinimumVisualStudioVersion = 10.0.40219.1
Project("{9A19103F-16F7-4668-BE54-9A1E7A4F7556}") = "todo", "todo.csproj", "{104B1EF1-D222-4CF0-B68B-73E4A4DA010F}"
EndProject
Global
	GlobalSection(SolutionConfigurationPlatforms) = preSolution
		Debug|Any CPU = Debug|Any CPU
		Release|Any CPU = Release|Any CPU
	EndGlobalSection
	GlobalSection(ProjectConfigurationPlatforms) = postSolution
		{104B1EF1-D222-4CF0-B68B-73E4A4DA010F}.Debug|Any CPU.ActiveCfg = Debug|Any CPU
		{104B1EF1-D222-4CF0-B68B-73E4A4DA010F}.Debug|Any CPU.Build.0 = Debug|Any CPU
		{104B1EF1-D222-4CF0-B68B-73E4A4DA010F}.Release|Any CPU.ActiveCfg = Release|Any CPU
		{104B1EF1-D222-4CF0-B68B-73E4A4DA010F}.Release|Any CPU.Build.0 = Release|Any CPU
	EndGlobalSection
	GlobalSection(SolutionProperties) = preSolution
		HideSolutionNode = FALSE
	EndGlobalSection
	GlobalSection(ExtensibilityGlobals) = postSolution
		SolutionGuid = {9A33FEA3-9022-436E-BE28-0C7C2003BD10}
	EndGlobalSection
EndGlobal
